// !$*UTF8*$!
{
	archiveVersion = 1;
	classes = {
	};
	objectVersion = 50;
	objects = {

/* Begin PBXBuildFile section */
		30D0BDFD2445AC1000803942 /* AppDelegate.swift in Sources */ = {isa = PBXBuildFile; fileRef = 30D0BDFC2445AC1000803942 /* AppDelegate.swift */; };
		30D0BDFF2445AC1000803942 /* SceneDelegate.swift in Sources */ = {isa = PBXBuildFile; fileRef = 30D0BDFE2445AC1000803942 /* SceneDelegate.swift */; };
		30D0BE022445AC1000803942 /* What_to_eat_.xcdatamodeld in Sources */ = {isa = PBXBuildFile; fileRef = 30D0BE002445AC1000803942 /* What_to_eat_.xcdatamodeld */; };
		30D0BE042445AC1000803942 /* ContentView.swift in Sources */ = {isa = PBXBuildFile; fileRef = 30D0BE032445AC1000803942 /* ContentView.swift */; };
		30D0BE062445AC1700803942 /* Assets.xcassets in Resources */ = {isa = PBXBuildFile; fileRef = 30D0BE052445AC1700803942 /* Assets.xcassets */; };
		30D0BE092445AC1700803942 /* Preview Assets.xcassets in Resources */ = {isa = PBXBuildFile; fileRef = 30D0BE082445AC1700803942 /* Preview Assets.xcassets */; };
		30D0BE0C2445AC1700803942 /* LaunchScreen.storyboard in Resources */ = {isa = PBXBuildFile; fileRef = 30D0BE0A2445AC1700803942 /* LaunchScreen.storyboard */; };
/* End PBXBuildFile section */

/* Begin PBXFileReference section */
		30D0BDF92445AC1000803942 /* What to eat?.app */ = {isa = PBXFileReference; explicitFileType = wrapper.application; includeInIndex = 0; path = "What to eat?.app"; sourceTree = BUILT_PRODUCTS_DIR; };
		30D0BDFC2445AC1000803942 /* AppDelegate.swift */ = {isa = PBXFileReference; lastKnownFileType = sourcecode.swift; path = AppDelegate.swift; sourceTree = "<group>"; };
		30D0BDFE2445AC1000803942 /* SceneDelegate.swift */ = {isa = PBXFileReference; lastKnownFileType = sourcecode.swift; path = SceneDelegate.swift; sourceTree = "<group>"; };
		30D0BE012445AC1000803942 /* What_to_eat_.xcdatamodel */ = {isa = PBXFileReference; lastKnownFileType = wrapper.xcdatamodel; path = What_to_eat_.xcdatamodel; sourceTree = "<group>"; };
		30D0BE032445AC1000803942 /* ContentView.swift */ = {isa = PBXFileReference; lastKnownFileType = sourcecode.swift; path = ContentView.swift; sourceTree = "<group>"; };
		30D0BE052445AC1700803942 /* Assets.xcassets */ = {isa = PBXFileReference; lastKnownFileType = folder.assetcatalog; path = Assets.xcassets; sourceTree = "<group>"; };
		30D0BE082445AC1700803942 /* Preview Assets.xcassets */ = {isa = PBXFileReference; lastKnownFileType = folder.assetcatalog; path = "Preview Assets.xcassets"; sourceTree = "<group>"; };
		30D0BE0B2445AC1700803942 /* Base */ = {isa = PBXFileReference; lastKnownFileType = file.storyboard; name = Base; path = Base.lproj/LaunchScreen.storyboard; sourceTree = "<group>"; };
		30D0BE0D2445AC1700803942 /* Info.plist */ = {isa = PBXFileReference; lastKnownFileType = text.plist.xml; path = Info.plist; sourceTree = "<group>"; };
/* End PBXFileReference section */

/* Begin PBXFrameworksBuildPhase section */
		30D0BDF62445AC1000803942 /* Frameworks */ = {
			isa = PBXFrameworksBuildPhase;
			buildActionMask = 2147483647;
			files = (
			);
			runOnlyForDeploymentPostprocessing = 0;
		};
/* End PBXFrameworksBuildPhase section */

/* Begin PBXGroup section */
		30D0BDF02445AC1000803942 = {
			isa = PBXGroup;
			children = (
				30D0BDFB2445AC1000803942 /* What to eat? */,
				30D0BDFA2445AC1000803942 /* Products */,
			);
			sourceTree = "<group>";
		};
		30D0BDFA2445AC1000803942 /* Products */ = {
			isa = PBXGroup;
			children = (
				30D0BDF92445AC1000803942 /* What to eat?.app */,
			);
			name = Products;
			sourceTree = "<group>";
		};
		30D0BDFB2445AC1000803942 /* What to eat? */ = {
			isa = PBXGroup;
			children = (
				30D0BDFC2445AC1000803942 /* AppDelegate.swift */,
				30D0BDFE2445AC1000803942 /* SceneDelegate.swift */,
				30D0BE032445AC1000803942 /* ContentView.swift */,
				30D0BE052445AC1700803942 /* Assets.xcassets */,
				30D0BE0A2445AC1700803942 /* LaunchScreen.storyboard */,
				30D0BE0D2445AC1700803942 /* Info.plist */,
				30D0BE002445AC1000803942 /* What_to_eat_.xcdatamodeld */,
				30D0BE072445AC1700803942 /* Preview Content */,
			);
			path = "What to eat?";
			sourceTree = "<group>";
		};
		30D0BE072445AC1700803942 /* Preview Content */ = {
			isa = PBXGroup;
			children = (
				30D0BE082445AC1700803942 /* Preview Assets.xcassets */,
			);
			path = "Preview Content";
			sourceTree = "<group>";
		};
/* End PBXGroup section */

/* Begin PBXNativeTarget section */
		30D0BDF82445AC1000803942 /* What to eat? */ = {
			isa = PBXNativeTarget;
			buildConfigurationList = 30D0BE102445AC1700803942 /* Build configuration list for PBXNativeTarget "What to eat?" */;
			buildPhases = (
				30D0BDF52445AC1000803942 /* Sources */,
				30D0BDF62445AC1000803942 /* Frameworks */,
				30D0BDF72445AC1000803942 /* Resources */,
			);
			buildRules = (
			);
			dependencies = (
			);
			name = "What to eat?";
			productName = "What to eat?";
			productReference = 30D0BDF92445AC1000803942 /* What to eat?.app */;
			productType = "com.apple.product-type.application";
		};
/* End PBXNativeTarget section */

/* Begin PBXProject section */
		30D0BDF12445AC1000803942 /* Project object */ = {
			isa = PBXProject;
			attributes = {
				LastSwiftUpdateCheck = 1140;
				LastUpgradeCheck = 1140;
				ORGANIZATIONNAME = "Christian Privitelli";
				TargetAttributes = {
					30D0BDF82445AC1000803942 = {
						CreatedOnToolsVersion = 11.4;
					};
				};
			};
			buildConfigurationList = 30D0BDF42445AC1000803942 /* Build configuration list for PBXProject "What to eat?" */;
			compatibilityVersion = "Xcode 9.3";
			developmentRegion = en;
			hasScannedForEncodings = 0;
			knownRegions = (
				en,
				Base,
			);
			mainGroup = 30D0BDF02445AC1000803942;
			productRefGroup = 30D0BDFA2445AC1000803942 /* Products */;
			projectDirPath = "";
			projectRoot = "";
			targets = (
				30D0BDF82445AC1000803942 /* What to eat? */,
			);
		};
/* End PBXProject section */

/* Begin PBXResourcesBuildPhase section */
		30D0BDF72445AC1000803942 /* Resources */ = {
			isa = PBXResourcesBuildPhase;
			buildActionMask = 2147483647;
			files = (
				30D0BE0C2445AC1700803942 /* LaunchScreen.storyboard in Resources */,
				30D0BE092445AC1700803942 /* Preview Assets.xcassets in Resources */,
				30D0BE062445AC1700803942 /* Assets.xcassets in Resources */,
			);
			runOnlyForDeploymentPostprocessing = 0;
		};
/* End PBXResourcesBuildPhase section */

/* Begin PBXSourcesBuildPhase section */
		30D0BDF52445AC1000803942 /* Sources */ = {
			isa = PBXSourcesBuildPhase;
			buildActionMask = 2147483647;
			files = (
				30D0BDFD2445AC1000803942 /* AppDelegate.swift in Sources */,
				30D0BE022445AC1000803942 /* What_to_eat_.xcdatamodeld in Sources */,
				30D0BE042445AC1000803942 /* ContentView.swift in Sources */,
				30D0BDFF2445AC1000803942 /* SceneDelegate.swift in Sources */,
			);
			runOnlyForDeploymentPostprocessing = 0;
		};
/* End PBXSourcesBuildPhase section */

/* Begin PBXVariantGroup section */
		30D0BE0A2445AC1700803942 /* LaunchScreen.storyboard */ = {
			isa = PBXVariantGroup;
			children = (
				30D0BE0B2445AC1700803942 /* Base */,
			);
			name = LaunchScreen.storyboard;
			sourceTree = "<group>";
		};
/* End PBXVariantGroup section */

/* Begin XCBuildConfiguration section */
		30D0BE0E2445AC1700803942 /* Debug */ = {
			isa = XCBuildConfiguration;
			buildSettings = {
				ALWAYS_SEARCH_USER_PATHS = NO;
				CLANG_ANALYZER_NONNULL = YES;
				CLANG_ANALYZER_NUMBER_OBJECT_CONVERSION = YES_AGGRESSIVE;
				CLANG_CXX_LANGUAGE_STANDARD = "gnu++14";
				CLANG_CXX_LIBRARY = "libc++";
				CLANG_ENABLE_MODULES = YES;
				CLANG_ENABLE_OBJC_ARC = YES;
				CLANG_ENABLE_OBJC_WEAK = YES;
				CLANG_WARN_BLOCK_CAPTURE_AUTORELEASING = YES;
				CLANG_WARN_BOOL_CONVERSION = YES;
				CLANG_WARN_COMMA = YES;
				CLANG_WARN_CONSTANT_CONVERSION = YES;
				CLANG_WARN_DEPRECATED_OBJC_IMPLEMENTATIONS = YES;
				CLANG_WARN_DIRECT_OBJC_ISA_USAGE = YES_ERROR;
				CLANG_WARN_DOCUMENTATION_COMMENTS = YES;
				CLANG_WARN_EMPTY_BODY = YES;
				CLANG_WARN_ENUM_CONVERSION = YES;
				CLANG_WARN_INFINITE_RECURSION = YES;
				CLANG_WARN_INT_CONVERSION = YES;
				CLANG_WARN_NON_LITERAL_NULL_CONVERSION = YES;
				CLANG_WARN_OBJC_IMPLICIT_RETAIN_SELF = YES;
				CLANG_WARN_OBJC_LITERAL_CONVERSION = YES;
				CLANG_WARN_OBJC_ROOT_CLASS = YES_ERROR;
				CLANG_WARN_RANGE_LOOP_ANALYSIS = YES;
				CLANG_WARN_STRICT_PROTOTYPES = YES;
				CLANG_WARN_SUSPICIOUS_MOVE = YES;
				CLANG_WARN_UNGUARDED_AVAILABILITY = YES_AGGRESSIVE;
				CLANG_WARN_UNREACHABLE_CODE = YES;
				CLANG_WARN__DUPLICATE_METHOD_MATCH = YES;
				COPY_PHASE_STRIP = NO;
				DEBUG_INFORMATION_FORMAT = dwarf;
				ENABLE_STRICT_OBJC_MSGSEND = YES;
				ENABLE_TESTABILITY = YES;
				GCC_C_LANGUAGE_STANDARD = gnu11;
				GCC_DYNAMIC_NO_PIC = NO;
				GCC_NO_COMMON_BLOCKS = YES;
				GCC_OPTIMIZATION_LEVEL = 0;
				GCC_PREPROCESSOR_DEFINITIONS = (
					"DEBUG=1",
					"$(inherited)",
				);
				GCC_WARN_64_TO_32_BIT_CONVERSION = YES;
				GCC_WARN_ABOUT_RETURN_TYPE = YES_ERROR;
				GCC_WARN_UNDECLARED_SELECTOR = YES;
				GCC_WARN_UNINITIALIZED_AUTOS = YES_AGGRESSIVE;
				GCC_WARN_UNUSED_FUNCTION = YES;
				GCC_WARN_UNUSED_VARIABLE = YES;
				IPHONEOS_DEPLOYMENT_TARGET = 13.4;
				MTL_ENABLE_DEBUG_INFO = INCLUDE_SOURCE;
				MTL_FAST_MATH = YES;
				ONLY_ACTIVE_ARCH = YES;
				SDKROOT = iphoneos;
				SWIFT_ACTIVE_COMPILATION_CONDITIONS = DEBUG;
				SWIFT_OPTIMIZATION_LEVEL = "-Onone";
			};
			name = Debug;
		};
		30D0BE0F2445AC1700803942 /* Release */ = {
			isa = XCBuildConfiguration;
			buildSettings = {
				ALWAYS_SEARCH_USER_PATHS = NO;
				CLANG_ANALYZER_NONNULL = YES;
				CLANG_ANALYZER_NUMBER_OBJECT_CONVERSION = YES_AGGRESSIVE;
				CLANG_CXX_LANGUAGE_STANDARD = "gnu++14";
				CLANG_CXX_LIBRARY = "libc++";
				CLANG_ENABLE_MODULES = YES;
				CLANG_ENABLE_OBJC_ARC = YES;
				CLANG_ENABLE_OBJC_WEAK = YES;
				CLANG_WARN_BLOCK_CAPTURE_AUTORELEASING = YES;
				CLANG_WARN_BOOL_CONVERSION = YES;
				CLANG_WARN_COMMA = YES;
				CLANG_WARN_CONSTANT_CONVERSION = YES;
				CLANG_WARN_DEPRECATED_OBJC_IMPLEMENTATIONS = YES;
				CLANG_WARN_DIRECT_OBJC_ISA_USAGE = YES_ERROR;
				CLANG_WARN_DOCUMENTATION_COMMENTS = YES;
				CLANG_WARN_EMPTY_BODY = YES;
				CLANG_WARN_ENUM_CONVERSION = YES;
				CLANG_WARN_INFINITE_RECURSION = YES;
				CLANG_WARN_INT_CONVERSION = YES;
				CLANG_WARN_NON_LITERAL_NULL_CONVERSION = YES;
				CLANG_WARN_OBJC_IMPLICIT_RETAIN_SELF = YES;
				CLANG_WARN_OBJC_LITERAL_CONVERSION = YES;
				CLANG_WARN_OBJC_ROOT_CLASS = YES_ERROR;
				CLANG_WARN_RANGE_LOOP_ANALYSIS = YES;
				CLANG_WARN_STRICT_PROTOTYPES = YES;
				CLANG_WARN_SUSPICIOUS_MOVE = YES;
				CLANG_WARN_UNGUARDED_AVAILABILITY = YES_AGGRESSIVE;
				CLANG_WARN_UNREACHABLE_CODE = YES;
				CLANG_WARN__DUPLICATE_METHOD_MATCH = YES;
				COPY_PHASE_STRIP = NO;
				DEBUG_INFORMATION_FORMAT = "dwarf-with-dsym";
				ENABLE_NS_ASSERTIONS = NO;
				ENABLE_STRICT_OBJC_MSGSEND = YES;
				GCC_C_LANGUAGE_STANDARD = gnu11;
				GCC_NO_COMMON_BLOCKS = YES;
				GCC_WARN_64_TO_32_BIT_CONVERSION = YES;
				GCC_WARN_ABOUT_RETURN_TYPE = YES_ERROR;
				GCC_WARN_UNDECLARED_SELECTOR = YES;
				GCC_WARN_UNINITIALIZED_AUTOS = YES_AGGRESSIVE;
				GCC_WARN_UNUSED_FUNCTION = YES;
				GCC_WARN_UNUSED_VARIABLE = YES;
				IPHONEOS_DEPLOYMENT_TARGET = 13.4;
				MTL_ENABLE_DEBUG_INFO = NO;
				MTL_FAST_MATH = YES;
				SDKROOT = iphoneos;
				SWIFT_COMPILATION_MODE = wholemodule;
				SWIFT_OPTIMIZATION_LEVEL = "-O";
				VALIDATE_PRODUCT = YES;
			};
			name = Release;
		};
		30D0BE112445AC1700803942 /* Debug */ = {
			isa = XCBuildConfiguration;
			buildSettings = {
				ASSETCATALOG_COMPILER_APPICON_NAME = AppIcon;
				CODE_SIGN_STYLE = Automatic;
				DEVELOPMENT_ASSET_PATHS = "\"What to eat?/Preview Content\"";
				DEVELOPMENT_TEAM = 939BQQZ3GG;
				ENABLE_PREVIEWS = YES;
				INFOPLIST_FILE = "What to eat?/Info.plist";
				IPHONEOS_DEPLOYMENT_TARGET = 13.3;
				LD_RUNPATH_SEARCH_PATHS = (
					"$(inherited)",
					"@executable_path/Frameworks",
				);
				PRODUCT_BUNDLE_IDENTIFIER = "priva28.What-to-eat-";
				PRODUCT_NAME = "$(TARGET_NAME)";
				SWIFT_VERSION = 5.0;
				TARGETED_DEVICE_FAMILY = "1,2";
			};
			name = Debug;
		};
		30D0BE122445AC1700803942 /* Release */ = {
			isa = XCBuildConfiguration;
			buildSettings = {
				ASSETCATALOG_COMPILER_APPICON_NAME = AppIcon;
				CODE_SIGN_STYLE = Automatic;
				DEVELOPMENT_ASSET_PATHS = "\"What to eat?/Preview Content\"";
				DEVELOPMENT_TEAM = 939BQQZ3GG;
				ENABLE_PREVIEWS = YES;
				INFOPLIST_FILE = "What to eat?/Info.plist";
				IPHONEOS_DEPLOYMENT_TARGET = 13.3;
				LD_RUNPATH_SEARCH_PATHS = (
					"$(inherited)",
					"@executable_path/Frameworks",
				);
				PRODUCT_BUNDLE_IDENTIFIER = "priva28.What-to-eat-";
				PRODUCT_NAME = "$(TARGET_NAME)";
				SWIFT_VERSION = 5.0;
				TARGETED_DEVICE_FAMILY = "1,2";
			};
			name = Release;
		};
/* End XCBuildConfiguration section */

/* Begin XCConfigurationList section */
		30D0BDF42445AC1000803942 /* Build configuration list for PBXProject "What to eat?" */ = {
			isa = XCConfigurationList;
			buildConfigurations = (
				30D0BE0E2445AC1700803942 /* Debug */,
				30D0BE0F2445AC1700803942 /* Release */,
			);
			defaultConfigurationIsVisible = 0;
			defaultConfigurationName = Release;
		};
		30D0BE102445AC1700803942 /* Build configuration list for PBXNativeTarget "What to eat?" */ = {
			isa = XCConfigurationList;
			buildConfigurations = (
				30D0BE112445AC1700803942 /* Debug */,
				30D0BE122445AC1700803942 /* Release */,
			);
			defaultConfigurationIsVisible = 0;
			defaultConfigurationName = Release;
		};
/* End XCConfigurationList section */

/* Begin XCVersionGroup section */
		30D0BE002445AC1000803942 /* What_to_eat_.xcdatamodeld */ = {
			isa = XCVersionGroup;
			children = (
				30D0BE012445AC1000803942 /* What_to_eat_.xcdatamodel */,
			);
			currentVersion = 30D0BE012445AC1000803942 /* What_to_eat_.xcdatamodel */;
			path = What_to_eat_.xcdatamodeld;
			sourceTree = "<group>";
			versionGroupType = wrapper.xcdatamodel;
		};
/* End XCVersionGroup section */
	};
	rootObject = 30D0BDF12445AC1000803942 /* Project object */;
}
